
Microsoft Visual Studio Solution File, Format Version 12.00
# Visual Studio Version 16
VisualStudioVersion = 16.0.32228.343
MinimumVisualStudioVersion = 10.0.40219.1
Project("{FAE04EC0-301F-11D3-BF4B-00C04F79EFBC}") = "Funciones1Ejercicio", "Funciones1Ejercicio\Funciones1Ejercicio.csproj", "{15E94E51-F5C1-4281-A32C-30DA8DE11EDD}"
EndProject
Project("{FAE04EC0-301F-11D3-BF4B-00C04F79EFBC}") = "Funciones2Ejercicio", "Funciones2Ejercicio\Funciones2Ejercicio.csproj", "{3E4635F5-D810-41D2-89FB-D50B9F1F780F}"
EndProject
Global
	GlobalSection(SolutionConfigurationPlatforms) = preSolution
		Debug|Any CPU = Debug|Any CPU
		Release|Any CPU = Release|Any CPU
	EndGlobalSection
	GlobalSection(ProjectConfigurationPlatforms) = postSolution
		{15E94E51-F5C1-4281-A32C-30DA8DE11EDD}.Debug|Any CPU.ActiveCfg = Debug|Any CPU
		{15E94E51-F5C1-4281-A32C-30DA8DE11EDD}.Debug|Any CPU.Build.0 = Debug|Any CPU
		{15E94E51-F5C1-4281-A32C-30DA8DE11EDD}.Release|Any CPU.ActiveCfg = Release|Any CPU
		{15E94E51-F5C1-4281-A32C-30DA8DE11EDD}.Release|Any CPU.Build.0 = Release|Any CPU
		{3E4635F5-D810-41D2-89FB-D50B9F1F780F}.Debug|Any CPU.ActiveCfg = Debug|Any CPU
		{3E4635F5-D810-41D2-89FB-D50B9F1F780F}.Debug|Any CPU.Build.0 = Debug|Any CPU
		{3E4635F5-D810-41D2-89FB-D50B9F1F780F}.Release|Any CPU.ActiveCfg = Release|Any CPU
		{3E4635F5-D810-41D2-89FB-D50B9F1F780F}.Release|Any CPU.Build.0 = Release|Any CPU
	EndGlobalSection
	GlobalSection(SolutionProperties) = preSolution
		HideSolutionNode = FALSE
	EndGlobalSection
	GlobalSection(ExtensibilityGlobals) = postSolution
		SolutionGuid = {B9055024-1D21-4EC1-B837-204B7E031907}
	EndGlobalSection
EndGlobal
